
Microsoft Visual Studio Solution File, Format Version 12.00
# Visual Studio Version 17
VisualStudioVersion = 17.13.35806.99
MinimumVisualStudioVersion = 10.0.40219.1
Project("{F184B08F-C81C-45F6-A57F-5ABD9991F28F}") = "VBWebFormApplication", "VBWebFormApplication\VBWebFormApplication.vbproj", "{CD8E53D2-B177-494B-AE08-1CEEF98E43D7}"
EndProject
Project("{FAE04EC0-301F-11D3-BF4B-00C04F79EFBC}") = "SampleASPNET.BO", "SampleASPNET.BO\SampleASPNET.BO.csproj", "{B54E0DE5-FBD6-4558-96FF-83A4D504BBE4}"
EndProject
Project("{FAE04EC0-301F-11D3-BF4B-00C04F79EFBC}") = "SampleASPNET.DAL", "SampleASPNET.DAL\SampleASPNET.DAL.csproj", "{85030A01-CBD0-4B9F-A409-1422D0879B9B}"
EndProject
Project("{FAE04EC0-301F-11D3-BF4B-00C04F79EFBC}") = "SampleASPNET.BLL", "SampleASPNET.BLL\SampleASPNET.BLL.csproj", "{56C43B5B-779F-4567-90FB-FADC5896D047}"
EndProject
Global
	GlobalSection(SolutionConfigurationPlatforms) = preSolution
		Debug|Any CPU = Debug|Any CPU
		Release|Any CPU = Release|Any CPU
	EndGlobalSection
	GlobalSection(ProjectConfigurationPlatforms) = postSolution
		{CD8E53D2-B177-494B-AE08-1CEEF98E43D7}.Debug|Any CPU.ActiveCfg = Debug|Any CPU
		{CD8E53D2-B177-494B-AE08-1CEEF98E43D7}.Debug|Any CPU.Build.0 = Debug|Any CPU
		{CD8E53D2-B177-494B-AE08-1CEEF98E43D7}.Release|Any CPU.ActiveCfg = Release|Any CPU
		{CD8E53D2-B177-494B-AE08-1CEEF98E43D7}.Release|Any CPU.Build.0 = Release|Any CPU
		{B54E0DE5-FBD6-4558-96FF-83A4D504BBE4}.Debug|Any CPU.ActiveCfg = Debug|Any CPU
		{B54E0DE5-FBD6-4558-96FF-83A4D504BBE4}.Debug|Any CPU.Build.0 = Debug|Any CPU
		{B54E0DE5-FBD6-4558-96FF-83A4D504BBE4}.Release|Any CPU.ActiveCfg = Release|Any CPU
		{B54E0DE5-FBD6-4558-96FF-83A4D504BBE4}.Release|Any CPU.Build.0 = Release|Any CPU
		{85030A01-CBD0-4B9F-A409-1422D0879B9B}.Debug|Any CPU.ActiveCfg = Debug|Any CPU
		{85030A01-CBD0-4B9F-A409-1422D0879B9B}.Debug|Any CPU.Build.0 = Debug|Any CPU
		{85030A01-CBD0-4B9F-A409-1422D0879B9B}.Release|Any CPU.ActiveCfg = Release|Any CPU
		{85030A01-CBD0-4B9F-A409-1422D0879B9B}.Release|Any CPU.Build.0 = Release|Any CPU
		{56C43B5B-779F-4567-90FB-FADC5896D047}.Debug|Any CPU.ActiveCfg = Debug|Any CPU
		{56C43B5B-779F-4567-90FB-FADC5896D047}.Debug|Any CPU.Build.0 = Debug|Any CPU
		{56C43B5B-779F-4567-90FB-FADC5896D047}.Release|Any CPU.ActiveCfg = Release|Any CPU
		{56C43B5B-779F-4567-90FB-FADC5896D047}.Release|Any CPU.Build.0 = Release|Any CPU
	EndGlobalSection
	GlobalSection(SolutionProperties) = preSolution
		HideSolutionNode = FALSE
	EndGlobalSection
	GlobalSection(ExtensibilityGlobals) = postSolution
		SolutionGuid = {E00ACD2F-0F46-4F28-AEA1-E41544D5D08A}
	EndGlobalSection
EndGlobal
